// !$*UTF8*$!
{
	archiveVersion = 1;
	classes = {
	};
	objectVersion = 55;
	objects = {

/* Begin PBXBuildFile section */
		B144033C284D305300B73DBC /* JenkinsStudyApp.swift in Sources */ = {isa = PBXBuildFile; fileRef = B144033B284D305300B73DBC /* JenkinsStudyApp.swift */; };
		B144033E284D305300B73DBC /* ContentView.swift in Sources */ = {isa = PBXBuildFile; fileRef = B144033D284D305300B73DBC /* ContentView.swift */; };
		B1440340284D305700B73DBC /* Assets.xcassets in Resources */ = {isa = PBXBuildFile; fileRef = B144033F284D305700B73DBC /* Assets.xcassets */; };
		B1440343284D305700B73DBC /* Preview Assets.xcassets in Resources */ = {isa = PBXBuildFile; fileRef = B1440342284D305700B73DBC /* Preview Assets.xcassets */; };
		B144034D284D305700B73DBC /* JenkinsStudyTests.swift in Sources */ = {isa = PBXBuildFile; fileRef = B144034C284D305700B73DBC /* JenkinsStudyTests.swift */; };
		B1440357284D305700B73DBC /* JenkinsStudyUITests.swift in Sources */ = {isa = PBXBuildFile; fileRef = B1440356284D305700B73DBC /* JenkinsStudyUITests.swift */; };
		B1440359284D305700B73DBC /* JenkinsStudyUITestsLaunchTests.swift in Sources */ = {isa = PBXBuildFile; fileRef = B1440358284D305700B73DBC /* JenkinsStudyUITestsLaunchTests.swift */; };
/* End PBXBuildFile section */

/* Begin PBXContainerItemProxy section */
		B1440349284D305700B73DBC /* PBXContainerItemProxy */ = {
			isa = PBXContainerItemProxy;
			containerPortal = B1440330284D305300B73DBC /* Project object */;
			proxyType = 1;
			remoteGlobalIDString = B1440337284D305300B73DBC;
			remoteInfo = JenkinsStudy;
		};
		B1440353284D305700B73DBC /* PBXContainerItemProxy */ = {
			isa = PBXContainerItemProxy;
			containerPortal = B1440330284D305300B73DBC /* Project object */;
			proxyType = 1;
			remoteGlobalIDString = B1440337284D305300B73DBC;
			remoteInfo = JenkinsStudy;
		};
/* End PBXContainerItemProxy section */

/* Begin PBXFileReference section */
		B1440338284D305300B73DBC /* JenkinsStudy.app */ = {isa = PBXFileReference; explicitFileType = wrapper.application; includeInIndex = 0; path = JenkinsStudy.app; sourceTree = BUILT_PRODUCTS_DIR; };
		B144033B284D305300B73DBC /* JenkinsStudyApp.swift */ = {isa = PBXFileReference; lastKnownFileType = sourcecode.swift; path = JenkinsStudyApp.swift; sourceTree = "<group>"; };
		B144033D284D305300B73DBC /* ContentView.swift */ = {isa = PBXFileReference; lastKnownFileType = sourcecode.swift; path = ContentView.swift; sourceTree = "<group>"; };
		B144033F284D305700B73DBC /* Assets.xcassets */ = {isa = PBXFileReference; lastKnownFileType = folder.assetcatalog; path = Assets.xcassets; sourceTree = "<group>"; };
		B1440342284D305700B73DBC /* Preview Assets.xcassets */ = {isa = PBXFileReference; lastKnownFileType = folder.assetcatalog; path = "Preview Assets.xcassets"; sourceTree = "<group>"; };
		B1440348284D305700B73DBC /* JenkinsStudyTests.xctest */ = {isa = PBXFileReference; explicitFileType = wrapper.cfbundle; includeInIndex = 0; path = JenkinsStudyTests.xctest; sourceTree = BUILT_PRODUCTS_DIR; };
		B144034C284D305700B73DBC /* JenkinsStudyTests.swift */ = {isa = PBXFileReference; lastKnownFileType = sourcecode.swift; path = JenkinsStudyTests.swift; sourceTree = "<group>"; };
		B1440352284D305700B73DBC /* JenkinsStudyUITests.xctest */ = {isa = PBXFileReference; explicitFileType = wrapper.cfbundle; includeInIndex = 0; path = JenkinsStudyUITests.xctest; sourceTree = BUILT_PRODUCTS_DIR; };
		B1440356284D305700B73DBC /* JenkinsStudyUITests.swift */ = {isa = PBXFileReference; lastKnownFileType = sourcecode.swift; path = JenkinsStudyUITests.swift; sourceTree = "<group>"; };
		B1440358284D305700B73DBC /* JenkinsStudyUITestsLaunchTests.swift */ = {isa = PBXFileReference; lastKnownFileType = sourcecode.swift; path = JenkinsStudyUITestsLaunchTests.swift; sourceTree = "<group>"; };
/* End PBXFileReference section */

/* Begin PBXFrameworksBuildPhase section */
		B1440335284D305300B73DBC /* Frameworks */ = {
			isa = PBXFrameworksBuildPhase;
			buildActionMask = 2147483647;
			files = (
			);
			runOnlyForDeploymentPostprocessing = 0;
		};
		B1440345284D305700B73DBC /* Frameworks */ = {
			isa = PBXFrameworksBuildPhase;
			buildActionMask = 2147483647;
			files = (
			);
			runOnlyForDeploymentPostprocessing = 0;
		};
		B144034F284D305700B73DBC /* Frameworks */ = {
			isa = PBXFrameworksBuildPhase;
			buildActionMask = 2147483647;
			files = (
			);
			runOnlyForDeploymentPostprocessing = 0;
		};
/* End PBXFrameworksBuildPhase section */

/* Begin PBXGroup section */
		B144032F284D305300B73DBC = {
			isa = PBXGroup;
			children = (
				B144033A284D305300B73DBC /* JenkinsStudy */,
				B144034B284D305700B73DBC /* JenkinsStudyTests */,
				B1440355284D305700B73DBC /* JenkinsStudyUITests */,
				B1440339284D305300B73DBC /* Products */,
			);
			sourceTree = "<group>";
		};
		B1440339284D305300B73DBC /* Products */ = {
			isa = PBXGroup;
			children = (
				B1440338284D305300B73DBC /* JenkinsStudy.app */,
				B1440348284D305700B73DBC /* JenkinsStudyTests.xctest */,
				B1440352284D305700B73DBC /* JenkinsStudyUITests.xctest */,
			);
			name = Products;
			sourceTree = "<group>";
		};
		B144033A284D305300B73DBC /* JenkinsStudy */ = {
			isa = PBXGroup;
			children = (
				B144033B284D305300B73DBC /* JenkinsStudyApp.swift */,
				B144033D284D305300B73DBC /* ContentView.swift */,
				B144033F284D305700B73DBC /* Assets.xcassets */,
				B1440341284D305700B73DBC /* Preview Content */,
			);
			path = JenkinsStudy;
			sourceTree = "<group>";
		};
		B1440341284D305700B73DBC /* Preview Content */ = {
			isa = PBXGroup;
			children = (
				B1440342284D305700B73DBC /* Preview Assets.xcassets */,
			);
			path = "Preview Content";
			sourceTree = "<group>";
		};
		B144034B284D305700B73DBC /* JenkinsStudyTests */ = {
			isa = PBXGroup;
			children = (
				B144034C284D305700B73DBC /* JenkinsStudyTests.swift */,
			);
			path = JenkinsStudyTests;
			sourceTree = "<group>";
		};
		B1440355284D305700B73DBC /* JenkinsStudyUITests */ = {
			isa = PBXGroup;
			children = (
				B1440356284D305700B73DBC /* JenkinsStudyUITests.swift */,
				B1440358284D305700B73DBC /* JenkinsStudyUITestsLaunchTests.swift */,
			);
			path = JenkinsStudyUITests;
			sourceTree = "<group>";
		};
/* End PBXGroup section */

/* Begin PBXNativeTarget section */
		B1440337284D305300B73DBC /* JenkinsStudy */ = {
			isa = PBXNativeTarget;
			buildConfigurationList = B144035C284D305700B73DBC /* Build configuration list for PBXNativeTarget "JenkinsStudy" */;
			buildPhases = (
				B1440334284D305300B73DBC /* Sources */,
				B1440335284D305300B73DBC /* Frameworks */,
				B1440336284D305300B73DBC /* Resources */,
			);
			buildRules = (
			);
			dependencies = (
			);
			name = JenkinsStudy;
			productName = JenkinsStudy;
			productReference = B1440338284D305300B73DBC /* JenkinsStudy.app */;
			productType = "com.apple.product-type.application";
		};
		B1440347284D305700B73DBC /* JenkinsStudyTests */ = {
			isa = PBXNativeTarget;
			buildConfigurationList = B144035F284D305700B73DBC /* Build configuration list for PBXNativeTarget "JenkinsStudyTests" */;
			buildPhases = (
				B1440344284D305700B73DBC /* Sources */,
				B1440345284D305700B73DBC /* Frameworks */,
				B1440346284D305700B73DBC /* Resources */,
			);
			buildRules = (
			);
			dependencies = (
				B144034A284D305700B73DBC /* PBXTargetDependency */,
			);
			name = JenkinsStudyTests;
			productName = JenkinsStudyTests;
			productReference = B1440348284D305700B73DBC /* JenkinsStudyTests.xctest */;
			productType = "com.apple.product-type.bundle.unit-test";
		};
		B1440351284D305700B73DBC /* JenkinsStudyUITests */ = {
			isa = PBXNativeTarget;
			buildConfigurationList = B1440362284D305700B73DBC /* Build configuration list for PBXNativeTarget "JenkinsStudyUITests" */;
			buildPhases = (
				B144034E284D305700B73DBC /* Sources */,
				B144034F284D305700B73DBC /* Frameworks */,
				B1440350284D305700B73DBC /* Resources */,
			);
			buildRules = (
			);
			dependencies = (
				B1440354284D305700B73DBC /* PBXTargetDependency */,
			);
			name = JenkinsStudyUITests;
			productName = JenkinsStudyUITests;
			productReference = B1440352284D305700B73DBC /* JenkinsStudyUITests.xctest */;
			productType = "com.apple.product-type.bundle.ui-testing";
		};
/* End PBXNativeTarget section */

/* Begin PBXProject section */
		B1440330284D305300B73DBC /* Project object */ = {
			isa = PBXProject;
			attributes = {
				BuildIndependentTargetsInParallel = 1;
				LastSwiftUpdateCheck = 1330;
				LastUpgradeCheck = 1330;
				TargetAttributes = {
					B1440337284D305300B73DBC = {
						CreatedOnToolsVersion = 13.3.1;
					};
					B1440347284D305700B73DBC = {
						CreatedOnToolsVersion = 13.3.1;
						TestTargetID = B1440337284D305300B73DBC;
					};
					B1440351284D305700B73DBC = {
						CreatedOnToolsVersion = 13.3.1;
						TestTargetID = B1440337284D305300B73DBC;
					};
				};
			};
			buildConfigurationList = B1440333284D305300B73DBC /* Build configuration list for PBXProject "JenkinsStudy" */;
			compatibilityVersion = "Xcode 13.0";
			developmentRegion = en;
			hasScannedForEncodings = 0;
			knownRegions = (
				en,
				Base,
			);
			mainGroup = B144032F284D305300B73DBC;
			productRefGroup = B1440339284D305300B73DBC /* Products */;
			projectDirPath = "";
			projectRoot = "";
			targets = (
				B1440337284D305300B73DBC /* JenkinsStudy */,
				B1440347284D305700B73DBC /* JenkinsStudyTests */,
				B1440351284D305700B73DBC /* JenkinsStudyUITests */,
			);
		};
/* End PBXProject section */

/* Begin PBXResourcesBuildPhase section */
		B1440336284D305300B73DBC /* Resources */ = {
			isa = PBXResourcesBuildPhase;
			buildActionMask = 2147483647;
			files = (
				B1440343284D305700B73DBC /* Preview Assets.xcassets in Resources */,
				B1440340284D305700B73DBC /* Assets.xcassets in Resources */,
			);
			runOnlyForDeploymentPostprocessing = 0;
		};
		B1440346284D305700B73DBC /* Resources */ = {
			isa = PBXResourcesBuildPhase;
			buildActionMask = 2147483647;
			files = (
			);
			runOnlyForDeploymentPostprocessing = 0;
		};
		B1440350284D305700B73DBC /* Resources */ = {
			isa = PBXResourcesBuildPhase;
			buildActionMask = 2147483647;
			files = (
			);
			runOnlyForDeploymentPostprocessing = 0;
		};
/* End PBXResourcesBuildPhase section */

/* Begin PBXSourcesBuildPhase section */
		B1440334284D305300B73DBC /* Sources */ = {
			isa = PBXSourcesBuildPhase;
			buildActionMask = 2147483647;
			files = (
				B144033E284D305300B73DBC /* ContentView.swift in Sources */,
				B144033C284D305300B73DBC /* JenkinsStudyApp.swift in Sources */,
			);
			runOnlyForDeploymentPostprocessing = 0;
		};
		B1440344284D305700B73DBC /* Sources */ = {
			isa = PBXSourcesBuildPhase;
			buildActionMask = 2147483647;
			files = (
				B144034D284D305700B73DBC /* JenkinsStudyTests.swift in Sources */,
			);
			runOnlyForDeploymentPostprocessing = 0;
		};
		B144034E284D305700B73DBC /* Sources */ = {
			isa = PBXSourcesBuildPhase;
			buildActionMask = 2147483647;
			files = (
				B1440357284D305700B73DBC /* JenkinsStudyUITests.swift in Sources */,
				B1440359284D305700B73DBC /* JenkinsStudyUITestsLaunchTests.swift in Sources */,
			);
			runOnlyForDeploymentPostprocessing = 0;
		};
/* End PBXSourcesBuildPhase section */

/* Begin PBXTargetDependency section */
		B144034A284D305700B73DBC /* PBXTargetDependency */ = {
			isa = PBXTargetDependency;
			target = B1440337284D305300B73DBC /* JenkinsStudy */;
			targetProxy = B1440349284D305700B73DBC /* PBXContainerItemProxy */;
		};
		B1440354284D305700B73DBC /* PBXTargetDependency */ = {
			isa = PBXTargetDependency;
			target = B1440337284D305300B73DBC /* JenkinsStudy */;
			targetProxy = B1440353284D305700B73DBC /* PBXContainerItemProxy */;
		};
/* End PBXTargetDependency section */

/* Begin XCBuildConfiguration section */
		B144035A284D305700B73DBC /* Debug */ = {
			isa = XCBuildConfiguration;
			buildSettings = {
				ALWAYS_SEARCH_USER_PATHS = NO;
				CLANG_ANALYZER_NONNULL = YES;
				CLANG_ANALYZER_NUMBER_OBJECT_CONVERSION = YES_AGGRESSIVE;
				CLANG_CXX_LANGUAGE_STANDARD = "gnu++17";
				CLANG_ENABLE_MODULES = YES;
				CLANG_ENABLE_OBJC_ARC = YES;
				CLANG_ENABLE_OBJC_WEAK = YES;
				CLANG_WARN_BLOCK_CAPTURE_AUTORELEASING = YES;
				CLANG_WARN_BOOL_CONVERSION = YES;
				CLANG_WARN_COMMA = YES;
				CLANG_WARN_CONSTANT_CONVERSION = YES;
				CLANG_WARN_DEPRECATED_OBJC_IMPLEMENTATIONS = YES;
				CLANG_WARN_DIRECT_OBJC_ISA_USAGE = YES_ERROR;
				CLANG_WARN_DOCUMENTATION_COMMENTS = YES;
				CLANG_WARN_EMPTY_BODY = YES;
				CLANG_WARN_ENUM_CONVERSION = YES;
				CLANG_WARN_INFINITE_RECURSION = YES;
				CLANG_WARN_INT_CONVERSION = YES;
				CLANG_WARN_NON_LITERAL_NULL_CONVERSION = YES;
				CLANG_WARN_OBJC_IMPLICIT_RETAIN_SELF = YES;
				CLANG_WARN_OBJC_LITERAL_CONVERSION = YES;
				CLANG_WARN_OBJC_ROOT_CLASS = YES_ERROR;
				CLANG_WARN_QUOTED_INCLUDE_IN_FRAMEWORK_HEADER = YES;
				CLANG_WARN_RANGE_LOOP_ANALYSIS = YES;
				CLANG_WARN_STRICT_PROTOTYPES = YES;
				CLANG_WARN_SUSPICIOUS_MOVE = YES;
				CLANG_WARN_UNGUARDED_AVAILABILITY = YES_AGGRESSIVE;
				CLANG_WARN_UNREACHABLE_CODE = YES;
				CLANG_WARN__DUPLICATE_METHOD_MATCH = YES;
				COPY_PHASE_STRIP = NO;
				DEBUG_INFORMATION_FORMAT = dwarf;
				ENABLE_STRICT_OBJC_MSGSEND = YES;
				ENABLE_TESTABILITY = YES;
				GCC_C_LANGUAGE_STANDARD = gnu11;
				GCC_DYNAMIC_NO_PIC = NO;
				GCC_NO_COMMON_BLOCKS = YES;
				GCC_OPTIMIZATION_LEVEL = 0;
				GCC_PREPROCESSOR_DEFINITIONS = (
					"DEBUG=1",
					"$(inherited)",
				);
				GCC_WARN_64_TO_32_BIT_CONVERSION = YES;
				GCC_WARN_ABOUT_RETURN_TYPE = YES_ERROR;
				GCC_WARN_UNDECLARED_SELECTOR = YES;
				GCC_WARN_UNINITIALIZED_AUTOS = YES_AGGRESSIVE;
				GCC_WARN_UNUSED_FUNCTION = YES;
				GCC_WARN_UNUSED_VARIABLE = YES;
				IPHONEOS_DEPLOYMENT_TARGET = 15.4;
				MTL_ENABLE_DEBUG_INFO = INCLUDE_SOURCE;
				MTL_FAST_MATH = YES;
				ONLY_ACTIVE_ARCH = YES;
				SDKROOT = iphoneos;
				SWIFT_ACTIVE_COMPILATION_CONDITIONS = DEBUG;
				SWIFT_OPTIMIZATION_LEVEL = "-Onone";
			};
			name = Debug;
		};
		B144035B284D305700B73DBC /* Release */ = {
			isa = XCBuildConfiguration;
			buildSettings = {
				ALWAYS_SEARCH_USER_PATHS = NO;
				CLANG_ANALYZER_NONNULL = YES;
				CLANG_ANALYZER_NUMBER_OBJECT_CONVERSION = YES_AGGRESSIVE;
				CLANG_CXX_LANGUAGE_STANDARD = "gnu++17";
				CLANG_ENABLE_MODULES = YES;
				CLANG_ENABLE_OBJC_ARC = YES;
				CLANG_ENABLE_OBJC_WEAK = YES;
				CLANG_WARN_BLOCK_CAPTURE_AUTORELEASING = YES;
				CLANG_WARN_BOOL_CONVERSION = YES;
				CLANG_WARN_COMMA = YES;
				CLANG_WARN_CONSTANT_CONVERSION = YES;
				CLANG_WARN_DEPRECATED_OBJC_IMPLEMENTATIONS = YES;
				CLANG_WARN_DIRECT_OBJC_ISA_USAGE = YES_ERROR;
				CLANG_WARN_DOCUMENTATION_COMMENTS = YES;
				CLANG_WARN_EMPTY_BODY = YES;
				CLANG_WARN_ENUM_CONVERSION = YES;
				CLANG_WARN_INFINITE_RECURSION = YES;
				CLANG_WARN_INT_CONVERSION = YES;
				CLANG_WARN_NON_LITERAL_NULL_CONVERSION = YES;
				CLANG_WARN_OBJC_IMPLICIT_RETAIN_SELF = YES;
				CLANG_WARN_OBJC_LITERAL_CONVERSION = YES;
				CLANG_WARN_OBJC_ROOT_CLASS = YES_ERROR;
				CLANG_WARN_QUOTED_INCLUDE_IN_FRAMEWORK_HEADER = YES;
				CLANG_WARN_RANGE_LOOP_ANALYSIS = YES;
				CLANG_WARN_STRICT_PROTOTYPES = YES;
				CLANG_WARN_SUSPICIOUS_MOVE = YES;
				CLANG_WARN_UNGUARDED_AVAILABILITY = YES_AGGRESSIVE;
				CLANG_WARN_UNREACHABLE_CODE = YES;
				CLANG_WARN__DUPLICATE_METHOD_MATCH = YES;
				COPY_PHASE_STRIP = NO;
				DEBUG_INFORMATION_FORMAT = "dwarf-with-dsym";
				ENABLE_NS_ASSERTIONS = NO;
				ENABLE_STRICT_OBJC_MSGSEND = YES;
				GCC_C_LANGUAGE_STANDARD = gnu11;
				GCC_NO_COMMON_BLOCKS = YES;
				GCC_WARN_64_TO_32_BIT_CONVERSION = YES;
				GCC_WARN_ABOUT_RETURN_TYPE = YES_ERROR;
				GCC_WARN_UNDECLARED_SELECTOR = YES;
				GCC_WARN_UNINITIALIZED_AUTOS = YES_AGGRESSIVE;
				GCC_WARN_UNUSED_FUNCTION = YES;
				GCC_WARN_UNUSED_VARIABLE = YES;
				IPHONEOS_DEPLOYMENT_TARGET = 15.4;
				MTL_ENABLE_DEBUG_INFO = NO;
				MTL_FAST_MATH = YES;
				SDKROOT = iphoneos;
				SWIFT_COMPILATION_MODE = wholemodule;
				SWIFT_OPTIMIZATION_LEVEL = "-O";
				VALIDATE_PRODUCT = YES;
			};
			name = Release;
		};
		B144035D284D305700B73DBC /* Debug */ = {
			isa = XCBuildConfiguration;
			buildSettings = {
				ASSETCATALOG_COMPILER_APPICON_NAME = AppIcon;
				ASSETCATALOG_COMPILER_GLOBAL_ACCENT_COLOR_NAME = AccentColor;
				CODE_SIGN_STYLE = Automatic;
				CURRENT_PROJECT_VERSION = 1;
				DEVELOPMENT_ASSET_PATHS = "\"JenkinsStudy/Preview Content\"";
				DEVELOPMENT_TEAM = LTT9AU27T6;
				ENABLE_PREVIEWS = YES;
				GENERATE_INFOPLIST_FILE = YES;
				INFOPLIST_KEY_UIApplicationSceneManifest_Generation = YES;
				INFOPLIST_KEY_UIApplicationSupportsIndirectInputEvents = YES;
				INFOPLIST_KEY_UILaunchScreen_Generation = YES;
				INFOPLIST_KEY_UISupportedInterfaceOrientations_iPad = "UIInterfaceOrientationPortrait UIInterfaceOrientationPortraitUpsideDown UIInterfaceOrientationLandscapeLeft UIInterfaceOrientationLandscapeRight";
				INFOPLIST_KEY_UISupportedInterfaceOrientations_iPhone = "UIInterfaceOrientationPortrait UIInterfaceOrientationLandscapeLeft UIInterfaceOrientationLandscapeRight";
				LD_RUNPATH_SEARCH_PATHS = (
					"$(inherited)",
					"@executable_path/Frameworks",
				);
				MARKETING_VERSION = 1.0;
				PRODUCT_BUNDLE_IDENTIFIER = com.aogd.JenkinsStudy;
				PRODUCT_NAME = "$(TARGET_NAME)";
				SWIFT_EMIT_LOC_STRINGS = YES;
				SWIFT_VERSION = 5.0;
				TARGETED_DEVICE_FAMILY = "1,2";
			};
			name = Debug;
		};
		B144035E284D305700B73DBC /* Release */ = {
			isa = XCBuildConfiguration;
			buildSettings = {
				ASSETCATALOG_COMPILER_APPICON_NAME = AppIcon;
				ASSETCATALOG_COMPILER_GLOBAL_ACCENT_COLOR_NAME = AccentColor;
				CODE_SIGN_STYLE = Automatic;
				CURRENT_PROJECT_VERSION = 1;
				DEVELOPMENT_ASSET_PATHS = "\"JenkinsStudy/Preview Content\"";
				DEVELOPMENT_TEAM = LTT9AU27T6;
				ENABLE_PREVIEWS = YES;
				GENERATE_INFOPLIST_FILE = YES;
				INFOPLIST_KEY_UIApplicationSceneManifest_Generation = YES;
				INFOPLIST_KEY_UIApplicationSupportsIndirectInputEvents = YES;
				INFOPLIST_KEY_UILaunchScreen_Generation = YES;
				INFOPLIST_KEY_UISupportedInterfaceOrientations_iPad = "UIInterfaceOrientationPortrait UIInterfaceOrientationPortraitUpsideDown UIInterfaceOrientationLandscapeLeft UIInterfaceOrientationLandscapeRight";
				INFOPLIST_KEY_UISupportedInterfaceOrientations_iPhone = "UIInterfaceOrientationPortrait UIInterfaceOrientationLandscapeLeft UIInterfaceOrientationLandscapeRight";
				LD_RUNPATH_SEARCH_PATHS = (
					"$(inherited)",
					"@executable_path/Frameworks",
				);
				MARKETING_VERSION = 1.0;
				PRODUCT_BUNDLE_IDENTIFIER = com.aogd.JenkinsStudy;
				PRODUCT_NAME = "$(TARGET_NAME)";
				SWIFT_EMIT_LOC_STRINGS = YES;
				SWIFT_VERSION = 5.0;
				TARGETED_DEVICE_FAMILY = "1,2";
			};
			name = Release;
		};
		B1440360284D305700B73DBC /* Debug */ = {
			isa = XCBuildConfiguration;
			buildSettings = {
				ALWAYS_EMBED_SWIFT_STANDARD_LIBRARIES = YES;
				BUNDLE_LOADER = "$(TEST_HOST)";
				CODE_SIGN_STYLE = Automatic;
				CURRENT_PROJECT_VERSION = 1;
				DEVELOPMENT_TEAM = LTT9AU27T6;
				GENERATE_INFOPLIST_FILE = YES;
				IPHONEOS_DEPLOYMENT_TARGET = 15.4;
				MARKETING_VERSION = 1.0;
				PRODUCT_BUNDLE_IDENTIFIER = com.aogd.JenkinsStudyTests;
				PRODUCT_NAME = "$(TARGET_NAME)";
				SWIFT_EMIT_LOC_STRINGS = NO;
				SWIFT_VERSION = 5.0;
				TARGETED_DEVICE_FAMILY = "1,2";
				TEST_HOST = "$(BUILT_PRODUCTS_DIR)/JenkinsStudy.app/JenkinsStudy";
			};
			name = Debug;
		};
		B1440361284D305700B73DBC /* Release */ = {
			isa = XCBuildConfiguration;
			buildSettings = {
				ALWAYS_EMBED_SWIFT_STANDARD_LIBRARIES = YES;
				BUNDLE_LOADER = "$(TEST_HOST)";
				CODE_SIGN_STYLE = Automatic;
				CURRENT_PROJECT_VERSION = 1;
				DEVELOPMENT_TEAM = LTT9AU27T6;
				GENERATE_INFOPLIST_FILE = YES;
				IPHONEOS_DEPLOYMENT_TARGET = 15.4;
				MARKETING_VERSION = 1.0;
				PRODUCT_BUNDLE_IDENTIFIER = com.aogd.JenkinsStudyTests;
				PRODUCT_NAME = "$(TARGET_NAME)";
				SWIFT_EMIT_LOC_STRINGS = NO;
				SWIFT_VERSION = 5.0;
				TARGETED_DEVICE_FAMILY = "1,2";
				TEST_HOST = "$(BUILT_PRODUCTS_DIR)/JenkinsStudy.app/JenkinsStudy";
			};
			name = Release;
		};
		B1440363284D305700B73DBC /* Debug */ = {
			isa = XCBuildConfiguration;
			buildSettings = {
				ALWAYS_EMBED_SWIFT_STANDARD_LIBRARIES = YES;
				CODE_SIGN_STYLE = Automatic;
				CURRENT_PROJECT_VERSION = 1;
				DEVELOPMENT_TEAM = LTT9AU27T6;
				GENERATE_INFOPLIST_FILE = YES;
				MARKETING_VERSION = 1.0;
				PRODUCT_BUNDLE_IDENTIFIER = com.aogd.JenkinsStudyUITests;
				PRODUCT_NAME = "$(TARGET_NAME)";
				SWIFT_EMIT_LOC_STRINGS = NO;
				SWIFT_VERSION = 5.0;
				TARGETED_DEVICE_FAMILY = "1,2";
				TEST_TARGET_NAME = JenkinsStudy;
			};
			name = Debug;
		};
		B1440364284D305700B73DBC /* Release */ = {
			isa = XCBuildConfiguration;
			buildSettings = {
				ALWAYS_EMBED_SWIFT_STANDARD_LIBRARIES = YES;
				CODE_SIGN_STYLE = Automatic;
				CURRENT_PROJECT_VERSION = 1;
				DEVELOPMENT_TEAM = LTT9AU27T6;
				GENERATE_INFOPLIST_FILE = YES;
				MARKETING_VERSION = 1.0;
				PRODUCT_BUNDLE_IDENTIFIER = com.aogd.JenkinsStudyUITests;
				PRODUCT_NAME = "$(TARGET_NAME)";
				SWIFT_EMIT_LOC_STRINGS = NO;
				SWIFT_VERSION = 5.0;
				TARGETED_DEVICE_FAMILY = "1,2";
				TEST_TARGET_NAME = JenkinsStudy;
			};
			name = Release;
		};
/* End XCBuildConfiguration section */

/* Begin XCConfigurationList section */
		B1440333284D305300B73DBC /* Build configuration list for PBXProject "JenkinsStudy" */ = {
			isa = XCConfigurationList;
			buildConfigurations = (
				B144035A284D305700B73DBC /* Debug */,
				B144035B284D305700B73DBC /* Release */,
			);
			defaultConfigurationIsVisible = 0;
			defaultConfigurationName = Release;
		};
		B144035C284D305700B73DBC /* Build configuration list for PBXNativeTarget "JenkinsStudy" */ = {
			isa = XCConfigurationList;
			buildConfigurations = (
				B144035D284D305700B73DBC /* Debug */,
				B144035E284D305700B73DBC /* Release */,
			);
			defaultConfigurationIsVisible = 0;
			defaultConfigurationName = Release;
		};
		B144035F284D305700B73DBC /* Build configuration list for PBXNativeTarget "JenkinsStudyTests" */ = {
			isa = XCConfigurationList;
			buildConfigurations = (
				B1440360284D305700B73DBC /* Debug */,
				B1440361284D305700B73DBC /* Release */,
			);
			defaultConfigurationIsVisible = 0;
			defaultConfigurationName = Release;
		};
		B1440362284D305700B73DBC /* Build configuration list for PBXNativeTarget "JenkinsStudyUITests" */ = {
			isa = XCConfigurationList;
			buildConfigurations = (
				B1440363284D305700B73DBC /* Debug */,
				B1440364284D305700B73DBC /* Release */,
			);
			defaultConfigurationIsVisible = 0;
			defaultConfigurationName = Release;
		};
/* End XCConfigurationList section */
	};
	rootObject = B1440330284D305300B73DBC /* Project object */;
}
